
Microsoft Visual Studio Solution File, Format Version 12.00
# Visual Studio 15
VisualStudioVersion = 15.0.26124.0
MinimumVisualStudioVersion = 15.0.26124.0
Project("{2150E333-8FDC-42A3-9474-1A3956D46DE8}") = "src", "src", "{F5D56023-47D6-4CE2-9CE1-BA0248A092EE}"
EndProject
Project("{FAE04EC0-301F-11D3-BF4B-00C04F79EFBC}") = "GradeBook", "src\GradeBook\GradeBook.csproj", "{CA481730-DFDE-409A-B428-34A0843A029B}"
EndProject
Project("{2150E333-8FDC-42A3-9474-1A3956D46DE8}") = "test", "test", "{8AC41381-E6EC-4D90-83A8-D7F10037299B}"
EndProject
Project("{FAE04EC0-301F-11D3-BF4B-00C04F79EFBC}") = "GradeBook.Tests", "test\GradeBook.Tests\GradeBook.Tests.csproj", "{99791468-65AF-4344-BEAC-BB98598975C1}"
EndProject
Global
	GlobalSection(SolutionConfigurationPlatforms) = preSolution
		Debug|Any CPU = Debug|Any CPU
		Debug|x64 = Debug|x64
		Debug|x86 = Debug|x86
		Release|Any CPU = Release|Any CPU
		Release|x64 = Release|x64
		Release|x86 = Release|x86
	EndGlobalSection
	GlobalSection(SolutionProperties) = preSolution
		HideSolutionNode = FALSE
	EndGlobalSection
	GlobalSection(ProjectConfigurationPlatforms) = postSolution
		{CA481730-DFDE-409A-B428-34A0843A029B}.Debug|Any CPU.ActiveCfg = Debug|Any CPU
		{CA481730-DFDE-409A-B428-34A0843A029B}.Debug|Any CPU.Build.0 = Debug|Any CPU
		{CA481730-DFDE-409A-B428-34A0843A029B}.Debug|x64.ActiveCfg = Debug|Any CPU
		{CA481730-DFDE-409A-B428-34A0843A029B}.Debug|x64.Build.0 = Debug|Any CPU
		{CA481730-DFDE-409A-B428-34A0843A029B}.Debug|x86.ActiveCfg = Debug|Any CPU
		{CA481730-DFDE-409A-B428-34A0843A029B}.Debug|x86.Build.0 = Debug|Any CPU
		{CA481730-DFDE-409A-B428-34A0843A029B}.Release|Any CPU.ActiveCfg = Release|Any CPU
		{CA481730-DFDE-409A-B428-34A0843A029B}.Release|Any CPU.Build.0 = Release|Any CPU
		{CA481730-DFDE-409A-B428-34A0843A029B}.Release|x64.ActiveCfg = Release|Any CPU
		{CA481730-DFDE-409A-B428-34A0843A029B}.Release|x64.Build.0 = Release|Any CPU
		{CA481730-DFDE-409A-B428-34A0843A029B}.Release|x86.ActiveCfg = Release|Any CPU
		{CA481730-DFDE-409A-B428-34A0843A029B}.Release|x86.Build.0 = Release|Any CPU
		{99791468-65AF-4344-BEAC-BB98598975C1}.Debug|Any CPU.ActiveCfg = Debug|Any CPU
		{99791468-65AF-4344-BEAC-BB98598975C1}.Debug|Any CPU.Build.0 = Debug|Any CPU
		{99791468-65AF-4344-BEAC-BB98598975C1}.Debug|x64.ActiveCfg = Debug|Any CPU
		{99791468-65AF-4344-BEAC-BB98598975C1}.Debug|x64.Build.0 = Debug|Any CPU
		{99791468-65AF-4344-BEAC-BB98598975C1}.Debug|x86.ActiveCfg = Debug|Any CPU
		{99791468-65AF-4344-BEAC-BB98598975C1}.Debug|x86.Build.0 = Debug|Any CPU
		{99791468-65AF-4344-BEAC-BB98598975C1}.Release|Any CPU.ActiveCfg = Release|Any CPU
		{99791468-65AF-4344-BEAC-BB98598975C1}.Release|Any CPU.Build.0 = Release|Any CPU
		{99791468-65AF-4344-BEAC-BB98598975C1}.Release|x64.ActiveCfg = Release|Any CPU
		{99791468-65AF-4344-BEAC-BB98598975C1}.Release|x64.Build.0 = Release|Any CPU
		{99791468-65AF-4344-BEAC-BB98598975C1}.Release|x86.ActiveCfg = Release|Any CPU
		{99791468-65AF-4344-BEAC-BB98598975C1}.Release|x86.Build.0 = Release|Any CPU
	EndGlobalSection
	GlobalSection(NestedProjects) = preSolution
		{CA481730-DFDE-409A-B428-34A0843A029B} = {F5D56023-47D6-4CE2-9CE1-BA0248A092EE}
		{99791468-65AF-4344-BEAC-BB98598975C1} = {8AC41381-E6EC-4D90-83A8-D7F10037299B}
	EndGlobalSection
EndGlobal
